
Microsoft Visual Studio Solution File, Format Version 12.00
# Visual Studio Version 17
VisualStudioVersion = 17.6.33815.320
MinimumVisualStudioVersion = 10.0.40219.1
Project("{FAE04EC0-301F-11D3-BF4B-00C04F79EFBC}") = "Delegates Method and Target", "Delegates Method and Target\Delegates Method and Target.csproj", "{8DCF332C-D2DD-48F2-BEA7-B66E333E4006}"
EndProject
Global
	GlobalSection(SolutionConfigurationPlatforms) = preSolution
		Debug|Any CPU = Debug|Any CPU
		Release|Any CPU = Release|Any CPU
	EndGlobalSection
	GlobalSection(ProjectConfigurationPlatforms) = postSolution
		{8DCF332C-D2DD-48F2-BEA7-B66E333E4006}.Debug|Any CPU.ActiveCfg = Debug|Any CPU
		{8DCF332C-D2DD-48F2-BEA7-B66E333E4006}.Debug|Any CPU.Build.0 = Debug|Any CPU
		{8DCF332C-D2DD-48F2-BEA7-B66E333E4006}.Release|Any CPU.ActiveCfg = Release|Any CPU
		{8DCF332C-D2DD-48F2-BEA7-B66E333E4006}.Release|Any CPU.Build.0 = Release|Any CPU
	EndGlobalSection
	GlobalSection(SolutionProperties) = preSolution
		HideSolutionNode = FALSE
	EndGlobalSection
	GlobalSection(ExtensibilityGlobals) = postSolution
		SolutionGuid = {AF16AA5C-0050-483D-8BFF-F63C94D3669A}
	EndGlobalSection
EndGlobal
